
Microsoft Visual Studio Solution File, Format Version 12.00
# Visual Studio Version 16
VisualStudioVersion = 16.0.29102.190
MinimumVisualStudioVersion = 10.0.40219.1
Project("{8BC9CEB8-8B4A-11D0-8D11-00A0C91BC942}") = "Lab10", "Lab10\Lab10.vcxproj", "{F42771B9-9A3C-4939-B07C-1188B3F5860F}"
EndProject
Project("{8BC9CEB8-8B4A-11D0-8D11-00A0C91BC942}") = "Task4", "Task4\Task4.vcxproj", "{E870890D-760D-4FD1-8982-B98B6749B6A3}"
EndProject
Global
	GlobalSection(SolutionConfigurationPlatforms) = preSolution
		Debug|x64 = Debug|x64
		Debug|x86 = Debug|x86
		Release|x64 = Release|x64
		Release|x86 = Release|x86
	EndGlobalSection
	GlobalSection(ProjectConfigurationPlatforms) = postSolution
		{F42771B9-9A3C-4939-B07C-1188B3F5860F}.Debug|x64.ActiveCfg = Debug|x64
		{F42771B9-9A3C-4939-B07C-1188B3F5860F}.Debug|x64.Build.0 = Debug|x64
		{F42771B9-9A3C-4939-B07C-1188B3F5860F}.Debug|x86.ActiveCfg = Debug|Win32
		{F42771B9-9A3C-4939-B07C-1188B3F5860F}.Debug|x86.Build.0 = Debug|Win32
		{F42771B9-9A3C-4939-B07C-1188B3F5860F}.Release|x64.ActiveCfg = Release|x64
		{F42771B9-9A3C-4939-B07C-1188B3F5860F}.Release|x64.Build.0 = Release|x64
		{F42771B9-9A3C-4939-B07C-1188B3F5860F}.Release|x86.ActiveCfg = Release|Win32
		{F42771B9-9A3C-4939-B07C-1188B3F5860F}.Release|x86.Build.0 = Release|Win32
		{E870890D-760D-4FD1-8982-B98B6749B6A3}.Debug|x64.ActiveCfg = Debug|x64
		{E870890D-760D-4FD1-8982-B98B6749B6A3}.Debug|x64.Build.0 = Debug|x64
		{E870890D-760D-4FD1-8982-B98B6749B6A3}.Debug|x86.ActiveCfg = Debug|Win32
		{E870890D-760D-4FD1-8982-B98B6749B6A3}.Debug|x86.Build.0 = Debug|Win32
		{E870890D-760D-4FD1-8982-B98B6749B6A3}.Release|x64.ActiveCfg = Release|x64
		{E870890D-760D-4FD1-8982-B98B6749B6A3}.Release|x64.Build.0 = Release|x64
		{E870890D-760D-4FD1-8982-B98B6749B6A3}.Release|x86.ActiveCfg = Release|Win32
		{E870890D-760D-4FD1-8982-B98B6749B6A3}.Release|x86.Build.0 = Release|Win32
	EndGlobalSection
	GlobalSection(SolutionProperties) = preSolution
		HideSolutionNode = FALSE
	EndGlobalSection
	GlobalSection(ExtensibilityGlobals) = postSolution
		SolutionGuid = {85CB0642-724E-4214-9BF0-153C511E84E9}
	EndGlobalSection
EndGlobal
